
Microsoft Visual Studio Solution File, Format Version 12.00
# Visual Studio Version 16
VisualStudioVersion = 16.0.32929.386
MinimumVisualStudioVersion = 10.0.40219.1
Project("{FAE04EC0-301F-11D3-BF4B-00C04F79EFBC}") = "b4TimePilot", "b4TimePilot\b4TimePilot\b4TimePilot.csproj", "{A60C7339-4AF7-4A02-8A49-AEA5DC2F54B1}"
EndProject
Project("{96E2B04D-8817-42C6-938A-82C39BA4D311}") = "b4TimePilotContent", "b4TimePilot\b4TimePilotContent\b4TimePilotContent.contentproj", "{FFDD5318-DFAF-46C7-9639-1E44F93A64EB}"
EndProject
Global
	GlobalSection(SolutionConfigurationPlatforms) = preSolution
		Debug|x86 = Debug|x86
		Release|x86 = Release|x86
	EndGlobalSection
	GlobalSection(ProjectConfigurationPlatforms) = postSolution
		{A60C7339-4AF7-4A02-8A49-AEA5DC2F54B1}.Debug|x86.ActiveCfg = Debug|x86
		{A60C7339-4AF7-4A02-8A49-AEA5DC2F54B1}.Debug|x86.Build.0 = Debug|x86
		{A60C7339-4AF7-4A02-8A49-AEA5DC2F54B1}.Release|x86.ActiveCfg = Release|x86
		{A60C7339-4AF7-4A02-8A49-AEA5DC2F54B1}.Release|x86.Build.0 = Release|x86
		{FFDD5318-DFAF-46C7-9639-1E44F93A64EB}.Debug|x86.ActiveCfg = Debug|x86
		{FFDD5318-DFAF-46C7-9639-1E44F93A64EB}.Release|x86.ActiveCfg = Release|x86
	EndGlobalSection
	GlobalSection(SolutionProperties) = preSolution
		HideSolutionNode = FALSE
	EndGlobalSection
	GlobalSection(ExtensibilityGlobals) = postSolution
		SolutionGuid = {F39122C6-4D04-4E6C-8F4B-8E89CA64128F}
	EndGlobalSection
EndGlobal
